// !$*UTF8*$!
{
	archiveVersion = 1;
	classes = {
	};
	objectVersion = 50;
	objects = {

/* Begin PBXBuildFile section */
		ACAEEA28231F68FB007CABC3 /* SectionGroupTableViewController.swift in Sources */ = {isa = PBXBuildFile; fileRef = ACAEEA27231F68FB007CABC3 /* SectionGroupTableViewController.swift */; };
		ACEECF9A231E17A300DBD8CB /* AppDelegate.swift in Sources */ = {isa = PBXBuildFile; fileRef = ACEECF99231E17A300DBD8CB /* AppDelegate.swift */; };
		ACEECF9F231E17A300DBD8CB /* Main.storyboard in Resources */ = {isa = PBXBuildFile; fileRef = ACEECF9D231E17A300DBD8CB /* Main.storyboard */; };
		ACEECFA1231E17A500DBD8CB /* Assets.xcassets in Resources */ = {isa = PBXBuildFile; fileRef = ACEECFA0231E17A500DBD8CB /* Assets.xcassets */; };
		ACEECFA4231E17A500DBD8CB /* LaunchScreen.storyboard in Resources */ = {isa = PBXBuildFile; fileRef = ACEECFA2231E17A500DBD8CB /* LaunchScreen.storyboard */; };
/* End PBXBuildFile section */

/* Begin PBXFileReference section */
		ACAEEA27231F68FB007CABC3 /* SectionGroupTableViewController.swift */ = {isa = PBXFileReference; lastKnownFileType = sourcecode.swift; path = SectionGroupTableViewController.swift; sourceTree = "<group>"; };
		ACEECF96231E17A300DBD8CB /* Table View Sect Group Cell.app */ = {isa = PBXFileReference; explicitFileType = wrapper.application; includeInIndex = 0; path = "Table View Sect Group Cell.app"; sourceTree = BUILT_PRODUCTS_DIR; };
		ACEECF99231E17A300DBD8CB /* AppDelegate.swift */ = {isa = PBXFileReference; lastKnownFileType = sourcecode.swift; path = AppDelegate.swift; sourceTree = "<group>"; };
		ACEECF9E231E17A300DBD8CB /* Base */ = {isa = PBXFileReference; lastKnownFileType = file.storyboard; name = Base; path = Base.lproj/Main.storyboard; sourceTree = "<group>"; };
		ACEECFA0231E17A500DBD8CB /* Assets.xcassets */ = {isa = PBXFileReference; lastKnownFileType = folder.assetcatalog; path = Assets.xcassets; sourceTree = "<group>"; };
		ACEECFA3231E17A500DBD8CB /* Base */ = {isa = PBXFileReference; lastKnownFileType = file.storyboard; name = Base; path = Base.lproj/LaunchScreen.storyboard; sourceTree = "<group>"; };
		ACEECFA5231E17A500DBD8CB /* Info.plist */ = {isa = PBXFileReference; lastKnownFileType = text.plist.xml; path = Info.plist; sourceTree = "<group>"; };
/* End PBXFileReference section */

/* Begin PBXFrameworksBuildPhase section */
		ACEECF93231E17A300DBD8CB /* Frameworks */ = {
			isa = PBXFrameworksBuildPhase;
			buildActionMask = 2147483647;
			files = (
			);
			runOnlyForDeploymentPostprocessing = 0;
		};
/* End PBXFrameworksBuildPhase section */

/* Begin PBXGroup section */
		ACEECF8D231E17A200DBD8CB = {
			isa = PBXGroup;
			children = (
				ACEECF98231E17A300DBD8CB /* Table View Sect Group Cell */,
				ACEECF97231E17A300DBD8CB /* Products */,
			);
			sourceTree = "<group>";
		};
		ACEECF97231E17A300DBD8CB /* Products */ = {
			isa = PBXGroup;
			children = (
				ACEECF96231E17A300DBD8CB /* Table View Sect Group Cell.app */,
			);
			name = Products;
			sourceTree = "<group>";
		};
		ACEECF98231E17A300DBD8CB /* Table View Sect Group Cell */ = {
			isa = PBXGroup;
			children = (
				ACEECF99231E17A300DBD8CB /* AppDelegate.swift */,
				ACAEEA27231F68FB007CABC3 /* SectionGroupTableViewController.swift */,
				ACEECF9D231E17A300DBD8CB /* Main.storyboard */,
				ACEECFA0231E17A500DBD8CB /* Assets.xcassets */,
				ACEECFA2231E17A500DBD8CB /* LaunchScreen.storyboard */,
				ACEECFA5231E17A500DBD8CB /* Info.plist */,
			);
			path = "Table View Sect Group Cell";
			sourceTree = "<group>";
		};
/* End PBXGroup section */

/* Begin PBXNativeTarget section */
		ACEECF95231E17A300DBD8CB /* Table View Sect Group Cell */ = {
			isa = PBXNativeTarget;
			buildConfigurationList = ACEECFA8231E17A500DBD8CB /* Build configuration list for PBXNativeTarget "Table View Sect Group Cell" */;
			buildPhases = (
				ACEECF92231E17A300DBD8CB /* Sources */,
				ACEECF93231E17A300DBD8CB /* Frameworks */,
				ACEECF94231E17A300DBD8CB /* Resources */,
			);
			buildRules = (
			);
			dependencies = (
			);
			name = "Table View Sect Group Cell";
			productName = "Table View Sect Group Cell";
			productReference = ACEECF96231E17A300DBD8CB /* Table View Sect Group Cell.app */;
			productType = "com.apple.product-type.application";
		};
/* End PBXNativeTarget section */

/* Begin PBXProject section */
		ACEECF8E231E17A200DBD8CB /* Project object */ = {
			isa = PBXProject;
			attributes = {
				LastSwiftUpdateCheck = 1030;
				LastUpgradeCheck = 1030;
				ORGANIZATIONNAME = "Digital Mirko";
				TargetAttributes = {
					ACEECF95231E17A300DBD8CB = {
						CreatedOnToolsVersion = 10.3;
					};
				};
			};
			buildConfigurationList = ACEECF91231E17A200DBD8CB /* Build configuration list for PBXProject "Table View Sect Group Cell" */;
			compatibilityVersion = "Xcode 9.3";
			developmentRegion = en;
			hasScannedForEncodings = 0;
			knownRegions = (
				en,
				Base,
			);
			mainGroup = ACEECF8D231E17A200DBD8CB;
			productRefGroup = ACEECF97231E17A300DBD8CB /* Products */;
			projectDirPath = "";
			projectRoot = "";
			targets = (
				ACEECF95231E17A300DBD8CB /* Table View Sect Group Cell */,
			);
		};
/* End PBXProject section */

/* Begin PBXResourcesBuildPhase section */
		ACEECF94231E17A300DBD8CB /* Resources */ = {
			isa = PBXResourcesBuildPhase;
			buildActionMask = 2147483647;
			files = (
				ACEECFA4231E17A500DBD8CB /* LaunchScreen.storyboard in Resources */,
				ACEECFA1231E17A500DBD8CB /* Assets.xcassets in Resources */,
				ACEECF9F231E17A300DBD8CB /* Main.storyboard in Resources */,
			);
			runOnlyForDeploymentPostprocessing = 0;
		};
/* End PBXResourcesBuildPhase section */

/* Begin PBXSourcesBuildPhase section */
		ACEECF92231E17A300DBD8CB /* Sources */ = {
			isa = PBXSourcesBuildPhase;
			buildActionMask = 2147483647;
			files = (
				ACEECF9A231E17A300DBD8CB /* AppDelegate.swift in Sources */,
				ACAEEA28231F68FB007CABC3 /* SectionGroupTableViewController.swift in Sources */,
			);
			runOnlyForDeploymentPostprocessing = 0;
		};
/* End PBXSourcesBuildPhase section */

/* Begin PBXVariantGroup section */
		ACEECF9D231E17A300DBD8CB /* Main.storyboard */ = {
			isa = PBXVariantGroup;
			children = (
				ACEECF9E231E17A300DBD8CB /* Base */,
			);
			name = Main.storyboard;
			sourceTree = "<group>";
		};
		ACEECFA2231E17A500DBD8CB /* LaunchScreen.storyboard */ = {
			isa = PBXVariantGroup;
			children = (
				ACEECFA3231E17A500DBD8CB /* Base */,
			);
			name = LaunchScreen.storyboard;
			sourceTree = "<group>";
		};
/* End PBXVariantGroup section */

/* Begin XCBuildConfiguration section */
		ACEECFA6231E17A500DBD8CB /* Debug */ = {
			isa = XCBuildConfiguration;
			buildSettings = {
				ALWAYS_SEARCH_USER_PATHS = NO;
				CLANG_ANALYZER_NONNULL = YES;
				CLANG_ANALYZER_NUMBER_OBJECT_CONVERSION = YES_AGGRESSIVE;
				CLANG_CXX_LANGUAGE_STANDARD = "gnu++14";
				CLANG_CXX_LIBRARY = "libc++";
				CLANG_ENABLE_MODULES = YES;
				CLANG_ENABLE_OBJC_ARC = YES;
				CLANG_ENABLE_OBJC_WEAK = YES;
				CLANG_WARN_BLOCK_CAPTURE_AUTORELEASING = YES;
				CLANG_WARN_BOOL_CONVERSION = YES;
				CLANG_WARN_COMMA = YES;
				CLANG_WARN_CONSTANT_CONVERSION = YES;
				CLANG_WARN_DEPRECATED_OBJC_IMPLEMENTATIONS = YES;
				CLANG_WARN_DIRECT_OBJC_ISA_USAGE = YES_ERROR;
				CLANG_WARN_DOCUMENTATION_COMMENTS = YES;
				CLANG_WARN_EMPTY_BODY = YES;
				CLANG_WARN_ENUM_CONVERSION = YES;
				CLANG_WARN_INFINITE_RECURSION = YES;
				CLANG_WARN_INT_CONVERSION = YES;
				CLANG_WARN_NON_LITERAL_NULL_CONVERSION = YES;
				CLANG_WARN_OBJC_IMPLICIT_RETAIN_SELF = YES;
				CLANG_WARN_OBJC_LITERAL_CONVERSION = YES;
				CLANG_WARN_OBJC_ROOT_CLASS = YES_ERROR;
				CLANG_WARN_RANGE_LOOP_ANALYSIS = YES;
				CLANG_WARN_STRICT_PROTOTYPES = YES;
				CLANG_WARN_SUSPICIOUS_MOVE = YES;
				CLANG_WARN_UNGUARDED_AVAILABILITY = YES_AGGRESSIVE;
				CLANG_WARN_UNREACHABLE_CODE = YES;
				CLANG_WARN__DUPLICATE_METHOD_MATCH = YES;
				CODE_SIGN_IDENTITY = "iPhone Developer";
				COPY_PHASE_STRIP = NO;
				DEBUG_INFORMATION_FORMAT = dwarf;
				ENABLE_STRICT_OBJC_MSGSEND = YES;
				ENABLE_TESTABILITY = YES;
				GCC_C_LANGUAGE_STANDARD = gnu11;
				GCC_DYNAMIC_NO_PIC = NO;
				GCC_NO_COMMON_BLOCKS = YES;
				GCC_OPTIMIZATION_LEVEL = 0;
				GCC_PREPROCESSOR_DEFINITIONS = (
					"DEBUG=1",
					"$(inherited)",
				);
				GCC_WARN_64_TO_32_BIT_CONVERSION = YES;
				GCC_WARN_ABOUT_RETURN_TYPE = YES_ERROR;
				GCC_WARN_UNDECLARED_SELECTOR = YES;
				GCC_WARN_UNINITIALIZED_AUTOS = YES_AGGRESSIVE;
				GCC_WARN_UNUSED_FUNCTION = YES;
				GCC_WARN_UNUSED_VARIABLE = YES;
				IPHONEOS_DEPLOYMENT_TARGET = 12.4;
				MTL_ENABLE_DEBUG_INFO = INCLUDE_SOURCE;
				MTL_FAST_MATH = YES;
				ONLY_ACTIVE_ARCH = YES;
				SDKROOT = iphoneos;
				SWIFT_ACTIVE_COMPILATION_CONDITIONS = DEBUG;
				SWIFT_OPTIMIZATION_LEVEL = "-Onone";
			};
			name = Debug;
		};
		ACEECFA7231E17A500DBD8CB /* Release */ = {
			isa = XCBuildConfiguration;
			buildSettings = {
				ALWAYS_SEARCH_USER_PATHS = NO;
				CLANG_ANALYZER_NONNULL = YES;
				CLANG_ANALYZER_NUMBER_OBJECT_CONVERSION = YES_AGGRESSIVE;
				CLANG_CXX_LANGUAGE_STANDARD = "gnu++14";
				CLANG_CXX_LIBRARY = "libc++";
				CLANG_ENABLE_MODULES = YES;
				CLANG_ENABLE_OBJC_ARC = YES;
				CLANG_ENABLE_OBJC_WEAK = YES;
				CLANG_WARN_BLOCK_CAPTURE_AUTORELEASING = YES;
				CLANG_WARN_BOOL_CONVERSION = YES;
				CLANG_WARN_COMMA = YES;
				CLANG_WARN_CONSTANT_CONVERSION = YES;
				CLANG_WARN_DEPRECATED_OBJC_IMPLEMENTATIONS = YES;
				CLANG_WARN_DIRECT_OBJC_ISA_USAGE = YES_ERROR;
				CLANG_WARN_DOCUMENTATION_COMMENTS = YES;
				CLANG_WARN_EMPTY_BODY = YES;
				CLANG_WARN_ENUM_CONVERSION = YES;
				CLANG_WARN_INFINITE_RECURSION = YES;
				CLANG_WARN_INT_CONVERSION = YES;
				CLANG_WARN_NON_LITERAL_NULL_CONVERSION = YES;
				CLANG_WARN_OBJC_IMPLICIT_RETAIN_SELF = YES;
				CLANG_WARN_OBJC_LITERAL_CONVERSION = YES;
				CLANG_WARN_OBJC_ROOT_CLASS = YES_ERROR;
				CLANG_WARN_RANGE_LOOP_ANALYSIS = YES;
				CLANG_WARN_STRICT_PROTOTYPES = YES;
				CLANG_WARN_SUSPICIOUS_MOVE = YES;
				CLANG_WARN_UNGUARDED_AVAILABILITY = YES_AGGRESSIVE;
				CLANG_WARN_UNREACHABLE_CODE = YES;
				CLANG_WARN__DUPLICATE_METHOD_MATCH = YES;
				CODE_SIGN_IDENTITY = "iPhone Developer";
				COPY_PHASE_STRIP = NO;
				DEBUG_INFORMATION_FORMAT = "dwarf-with-dsym";
				ENABLE_NS_ASSERTIONS = NO;
				ENABLE_STRICT_OBJC_MSGSEND = YES;
				GCC_C_LANGUAGE_STANDARD = gnu11;
				GCC_NO_COMMON_BLOCKS = YES;
				GCC_WARN_64_TO_32_BIT_CONVERSION = YES;
				GCC_WARN_ABOUT_RETURN_TYPE = YES_ERROR;
				GCC_WARN_UNDECLARED_SELECTOR = YES;
				GCC_WARN_UNINITIALIZED_AUTOS = YES_AGGRESSIVE;
				GCC_WARN_UNUSED_FUNCTION = YES;
				GCC_WARN_UNUSED_VARIABLE = YES;
				IPHONEOS_DEPLOYMENT_TARGET = 12.4;
				MTL_ENABLE_DEBUG_INFO = NO;
				MTL_FAST_MATH = YES;
				SDKROOT = iphoneos;
				SWIFT_COMPILATION_MODE = wholemodule;
				SWIFT_OPTIMIZATION_LEVEL = "-O";
				VALIDATE_PRODUCT = YES;
			};
			name = Release;
		};
		ACEECFA9231E17A500DBD8CB /* Debug */ = {
			isa = XCBuildConfiguration;
			buildSettings = {
				ASSETCATALOG_COMPILER_APPICON_NAME = AppIcon;
				CODE_SIGN_STYLE = Automatic;
				DEVELOPMENT_TEAM = EQNJ9FG9YA;
				INFOPLIST_FILE = "Table View Sect Group Cell/Info.plist";
				LD_RUNPATH_SEARCH_PATHS = (
					"$(inherited)",
					"@executable_path/Frameworks",
				);
				PRODUCT_BUNDLE_IDENTIFIER = "com.digitalmirko.Table-View-Sect-Group-Cell";
				PRODUCT_NAME = "$(TARGET_NAME)";
				SWIFT_VERSION = 5.0;
				TARGETED_DEVICE_FAMILY = "1,2";
			};
			name = Debug;
		};
		ACEECFAA231E17A500DBD8CB /* Release */ = {
			isa = XCBuildConfiguration;
			buildSettings = {
				ASSETCATALOG_COMPILER_APPICON_NAME = AppIcon;
				CODE_SIGN_STYLE = Automatic;
				DEVELOPMENT_TEAM = EQNJ9FG9YA;
				INFOPLIST_FILE = "Table View Sect Group Cell/Info.plist";
				LD_RUNPATH_SEARCH_PATHS = (
					"$(inherited)",
					"@executable_path/Frameworks",
				);
				PRODUCT_BUNDLE_IDENTIFIER = "com.digitalmirko.Table-View-Sect-Group-Cell";
				PRODUCT_NAME = "$(TARGET_NAME)";
				SWIFT_VERSION = 5.0;
				TARGETED_DEVICE_FAMILY = "1,2";
			};
			name = Release;
		};
/* End XCBuildConfiguration section */

/* Begin XCConfigurationList section */
		ACEECF91231E17A200DBD8CB /* Build configuration list for PBXProject "Table View Sect Group Cell" */ = {
			isa = XCConfigurationList;
			buildConfigurations = (
				ACEECFA6231E17A500DBD8CB /* Debug */,
				ACEECFA7231E17A500DBD8CB /* Release */,
			);
			defaultConfigurationIsVisible = 0;
			defaultConfigurationName = Release;
		};
		ACEECFA8231E17A500DBD8CB /* Build configuration list for PBXNativeTarget "Table View Sect Group Cell" */ = {
			isa = XCConfigurationList;
			buildConfigurations = (
				ACEECFA9231E17A500DBD8CB /* Debug */,
				ACEECFAA231E17A500DBD8CB /* Release */,
			);
			defaultConfigurationIsVisible = 0;
			defaultConfigurationName = Release;
		};
/* End XCConfigurationList section */
	};
	rootObject = ACEECF8E231E17A200DBD8CB /* Project object */;
}
